version: 1.0
shards:
  crest:
    github: mamantoha/crest
    version: 0.25.1

  http-client-digest_auth:
    github: mamantoha/http-client-digest_auth
    version: 0.4.0

  myhtml:
    github: kostya/myhtml
    version: 1.5.1

  webmock:
    github: manastech/webmock.cr
    commit: bb3eab30f6c7d1fdc0a7ff14cd136d68e860d1a7

