version: 1.0
shards:
  crest:
    github: mamantoha/crest
    version: 0.24.1

  http-client-digest_auth:
    github: mamantoha/http-client-digest_auth
    version: 0.3.0

  myhtml:
    github: kostya/myhtml
    version: 1.5.1

  webmock:
    github: manastech/webmock.cr
    commit: 78bb0e3b5850c700da0e7fbdd2d6c180cc4a061b

